// !$*UTF8*$!
{
	archiveVersion = 1;
	classes = {
	};
	objectVersion = 50;
	objects = {

/* Begin PBXBuildFile section */
		3D230BB520DDACE00004F054 /* AppDelegate.swift in Sources */ = {isa = PBXBuildFile; fileRef = 3D230BB420DDACE00004F054 /* AppDelegate.swift */; };
		3D230BBA20DDACE00004F054 /* Main.storyboard in Resources */ = {isa = PBXBuildFile; fileRef = 3D230BB820DDACE00004F054 /* Main.storyboard */; };
		3D230BBC20DDACE00004F054 /* Assets.xcassets in Resources */ = {isa = PBXBuildFile; fileRef = 3D230BBB20DDACE00004F054 /* Assets.xcassets */; };
		3D230BBF20DDACE00004F054 /* LaunchScreen.storyboard in Resources */ = {isa = PBXBuildFile; fileRef = 3D230BBD20DDACE00004F054 /* LaunchScreen.storyboard */; };
		3D230C3F20DDB91A0004F054 /* ConversionViewController.swift in Sources */ = {isa = PBXBuildFile; fileRef = 3D230C3E20DDB91A0004F054 /* ConversionViewController.swift */; };
		3D230C4220DDD1670004F054 /* MapKit.framework in Frameworks */ = {isa = PBXBuildFile; fileRef = 3D230C4120DDD1670004F054 /* MapKit.framework */; };
/* End PBXBuildFile section */

/* Begin PBXFileReference section */
		3D230BB120DDACE00004F054 /* 06_VistasProgramaticas.app */ = {isa = PBXFileReference; explicitFileType = wrapper.application; includeInIndex = 0; path = 06_VistasProgramaticas.app; sourceTree = BUILT_PRODUCTS_DIR; };
		3D230BB420DDACE00004F054 /* AppDelegate.swift */ = {isa = PBXFileReference; lastKnownFileType = sourcecode.swift; path = AppDelegate.swift; sourceTree = "<group>"; };
		3D230BB920DDACE00004F054 /* Base */ = {isa = PBXFileReference; lastKnownFileType = file.storyboard; name = Base; path = Base.lproj/Main.storyboard; sourceTree = "<group>"; };
		3D230BBB20DDACE00004F054 /* Assets.xcassets */ = {isa = PBXFileReference; lastKnownFileType = folder.assetcatalog; path = Assets.xcassets; sourceTree = "<group>"; };
		3D230BBE20DDACE00004F054 /* Base */ = {isa = PBXFileReference; lastKnownFileType = file.storyboard; name = Base; path = Base.lproj/LaunchScreen.storyboard; sourceTree = "<group>"; };
		3D230BC020DDACE10004F054 /* Info.plist */ = {isa = PBXFileReference; lastKnownFileType = text.plist.xml; path = Info.plist; sourceTree = "<group>"; };
		3D230C3E20DDB91A0004F054 /* ConversionViewController.swift */ = {isa = PBXFileReference; lastKnownFileType = sourcecode.swift; path = ConversionViewController.swift; sourceTree = "<group>"; };
		3D230C4120DDD1670004F054 /* MapKit.framework */ = {isa = PBXFileReference; lastKnownFileType = wrapper.framework; name = MapKit.framework; path = System/Library/Frameworks/MapKit.framework; sourceTree = SDKROOT; };
/* End PBXFileReference section */

/* Begin PBXFrameworksBuildPhase section */
		3D230BAE20DDACE00004F054 /* Frameworks */ = {
			isa = PBXFrameworksBuildPhase;
			buildActionMask = 2147483647;
			files = (
				3D230C4220DDD1670004F054 /* MapKit.framework in Frameworks */,
			);
			runOnlyForDeploymentPostprocessing = 0;
		};
/* End PBXFrameworksBuildPhase section */

/* Begin PBXGroup section */
		3D230BA820DDACE00004F054 = {
			isa = PBXGroup;
			children = (
				3D230BB320DDACE00004F054 /* 06_VistasProgramaticas */,
				3D230BB220DDACE00004F054 /* Products */,
				3D230C4020DDD1670004F054 /* Frameworks */,
			);
			sourceTree = "<group>";
		};
		3D230BB220DDACE00004F054 /* Products */ = {
			isa = PBXGroup;
			children = (
				3D230BB120DDACE00004F054 /* 06_VistasProgramaticas.app */,
			);
			name = Products;
			sourceTree = "<group>";
		};
		3D230BB320DDACE00004F054 /* 06_VistasProgramaticas */ = {
			isa = PBXGroup;
			children = (
				3D230BB420DDACE00004F054 /* AppDelegate.swift */,
				3D230BB820DDACE00004F054 /* Main.storyboard */,
				3D230BBB20DDACE00004F054 /* Assets.xcassets */,
				3D230BBD20DDACE00004F054 /* LaunchScreen.storyboard */,
				3D230BC020DDACE10004F054 /* Info.plist */,
				3D230C3E20DDB91A0004F054 /* ConversionViewController.swift */,
			);
			path = 06_VistasProgramaticas;
			sourceTree = "<group>";
		};
		3D230C4020DDD1670004F054 /* Frameworks */ = {
			isa = PBXGroup;
			children = (
				3D230C4120DDD1670004F054 /* MapKit.framework */,
			);
			name = Frameworks;
			sourceTree = "<group>";
		};
/* End PBXGroup section */

/* Begin PBXNativeTarget section */
		3D230BB020DDACE00004F054 /* 06_VistasProgramaticas */ = {
			isa = PBXNativeTarget;
			buildConfigurationList = 3D230BC320DDACE10004F054 /* Build configuration list for PBXNativeTarget "06_VistasProgramaticas" */;
			buildPhases = (
				3D230BAD20DDACE00004F054 /* Sources */,
				3D230BAE20DDACE00004F054 /* Frameworks */,
				3D230BAF20DDACE00004F054 /* Resources */,
			);
			buildRules = (
			);
			dependencies = (
			);
			name = 06_VistasProgramaticas;
			productName = 06_VistasProgramaticas;
			productReference = 3D230BB120DDACE00004F054 /* 06_VistasProgramaticas.app */;
			productType = "com.apple.product-type.application";
		};
/* End PBXNativeTarget section */

/* Begin PBXProject section */
		3D230BA920DDACE00004F054 /* Project object */ = {
			isa = PBXProject;
			attributes = {
				LastSwiftUpdateCheck = 0940;
				LastUpgradeCheck = 0940;
				ORGANIZATIONNAME = d182_oscar_a;
				TargetAttributes = {
					3D230BB020DDACE00004F054 = {
						CreatedOnToolsVersion = 9.4;
					};
				};
			};
			buildConfigurationList = 3D230BAC20DDACE00004F054 /* Build configuration list for PBXProject "06_VistasProgramaticas" */;
			compatibilityVersion = "Xcode 9.3";
			developmentRegion = en;
			hasScannedForEncodings = 0;
			knownRegions = (
				en,
				Base,
			);
			mainGroup = 3D230BA820DDACE00004F054;
			productRefGroup = 3D230BB220DDACE00004F054 /* Products */;
			projectDirPath = "";
			projectRoot = "";
			targets = (
				3D230BB020DDACE00004F054 /* 06_VistasProgramaticas */,
			);
		};
/* End PBXProject section */

/* Begin PBXResourcesBuildPhase section */
		3D230BAF20DDACE00004F054 /* Resources */ = {
			isa = PBXResourcesBuildPhase;
			buildActionMask = 2147483647;
			files = (
				3D230BBF20DDACE00004F054 /* LaunchScreen.storyboard in Resources */,
				3D230BBC20DDACE00004F054 /* Assets.xcassets in Resources */,
				3D230BBA20DDACE00004F054 /* Main.storyboard in Resources */,
			);
			runOnlyForDeploymentPostprocessing = 0;
		};
/* End PBXResourcesBuildPhase section */

/* Begin PBXSourcesBuildPhase section */
		3D230BAD20DDACE00004F054 /* Sources */ = {
			isa = PBXSourcesBuildPhase;
			buildActionMask = 2147483647;
			files = (
				3D230C3F20DDB91A0004F054 /* ConversionViewController.swift in Sources */,
				3D230BB520DDACE00004F054 /* AppDelegate.swift in Sources */,
			);
			runOnlyForDeploymentPostprocessing = 0;
		};
/* End PBXSourcesBuildPhase section */

/* Begin PBXVariantGroup section */
		3D230BB820DDACE00004F054 /* Main.storyboard */ = {
			isa = PBXVariantGroup;
			children = (
				3D230BB920DDACE00004F054 /* Base */,
			);
			name = Main.storyboard;
			sourceTree = "<group>";
		};
		3D230BBD20DDACE00004F054 /* LaunchScreen.storyboard */ = {
			isa = PBXVariantGroup;
			children = (
				3D230BBE20DDACE00004F054 /* Base */,
			);
			name = LaunchScreen.storyboard;
			sourceTree = "<group>";
		};
/* End PBXVariantGroup section */

/* Begin XCBuildConfiguration section */
		3D230BC120DDACE10004F054 /* Debug */ = {
			isa = XCBuildConfiguration;
			buildSettings = {
				ALWAYS_SEARCH_USER_PATHS = NO;
				CLANG_ANALYZER_NONNULL = YES;
				CLANG_ANALYZER_NUMBER_OBJECT_CONVERSION = YES_AGGRESSIVE;
				CLANG_CXX_LANGUAGE_STANDARD = "gnu++14";
				CLANG_CXX_LIBRARY = "libc++";
				CLANG_ENABLE_MODULES = YES;
				CLANG_ENABLE_OBJC_ARC = YES;
				CLANG_ENABLE_OBJC_WEAK = YES;
				CLANG_WARN_BLOCK_CAPTURE_AUTORELEASING = YES;
				CLANG_WARN_BOOL_CONVERSION = YES;
				CLANG_WARN_COMMA = YES;
				CLANG_WARN_CONSTANT_CONVERSION = YES;
				CLANG_WARN_DEPRECATED_OBJC_IMPLEMENTATIONS = YES;
				CLANG_WARN_DIRECT_OBJC_ISA_USAGE = YES_ERROR;
				CLANG_WARN_DOCUMENTATION_COMMENTS = YES;
				CLANG_WARN_EMPTY_BODY = YES;
				CLANG_WARN_ENUM_CONVERSION = YES;
				CLANG_WARN_INFINITE_RECURSION = YES;
				CLANG_WARN_INT_CONVERSION = YES;
				CLANG_WARN_NON_LITERAL_NULL_CONVERSION = YES;
				CLANG_WARN_OBJC_IMPLICIT_RETAIN_SELF = YES;
				CLANG_WARN_OBJC_LITERAL_CONVERSION = YES;
				CLANG_WARN_OBJC_ROOT_CLASS = YES_ERROR;
				CLANG_WARN_RANGE_LOOP_ANALYSIS = YES;
				CLANG_WARN_STRICT_PROTOTYPES = YES;
				CLANG_WARN_SUSPICIOUS_MOVE = YES;
				CLANG_WARN_UNGUARDED_AVAILABILITY = YES_AGGRESSIVE;
				CLANG_WARN_UNREACHABLE_CODE = YES;
				CLANG_WARN__DUPLICATE_METHOD_MATCH = YES;
				CODE_SIGN_IDENTITY = "iPhone Developer";
				COPY_PHASE_STRIP = NO;
				DEBUG_INFORMATION_FORMAT = dwarf;
				ENABLE_STRICT_OBJC_MSGSEND = YES;
				ENABLE_TESTABILITY = YES;
				GCC_C_LANGUAGE_STANDARD = gnu11;
				GCC_DYNAMIC_NO_PIC = NO;
				GCC_NO_COMMON_BLOCKS = YES;
				GCC_OPTIMIZATION_LEVEL = 0;
				GCC_PREPROCESSOR_DEFINITIONS = (
					"DEBUG=1",
					"$(inherited)",
				);
				GCC_WARN_64_TO_32_BIT_CONVERSION = YES;
				GCC_WARN_ABOUT_RETURN_TYPE = YES_ERROR;
				GCC_WARN_UNDECLARED_SELECTOR = YES;
				GCC_WARN_UNINITIALIZED_AUTOS = YES_AGGRESSIVE;
				GCC_WARN_UNUSED_FUNCTION = YES;
				GCC_WARN_UNUSED_VARIABLE = YES;
				IPHONEOS_DEPLOYMENT_TARGET = 11.4;
				MTL_ENABLE_DEBUG_INFO = YES;
				ONLY_ACTIVE_ARCH = YES;
				SDKROOT = iphoneos;
				SWIFT_ACTIVE_COMPILATION_CONDITIONS = DEBUG;
				SWIFT_OPTIMIZATION_LEVEL = "-Onone";
			};
			name = Debug;
		};
		3D230BC220DDACE10004F054 /* Release */ = {
			isa = XCBuildConfiguration;
			buildSettings = {
				ALWAYS_SEARCH_USER_PATHS = NO;
				CLANG_ANALYZER_NONNULL = YES;
				CLANG_ANALYZER_NUMBER_OBJECT_CONVERSION = YES_AGGRESSIVE;
				CLANG_CXX_LANGUAGE_STANDARD = "gnu++14";
				CLANG_CXX_LIBRARY = "libc++";
				CLANG_ENABLE_MODULES = YES;
				CLANG_ENABLE_OBJC_ARC = YES;
				CLANG_ENABLE_OBJC_WEAK = YES;
				CLANG_WARN_BLOCK_CAPTURE_AUTORELEASING = YES;
				CLANG_WARN_BOOL_CONVERSION = YES;
				CLANG_WARN_COMMA = YES;
				CLANG_WARN_CONSTANT_CONVERSION = YES;
				CLANG_WARN_DEPRECATED_OBJC_IMPLEMENTATIONS = YES;
				CLANG_WARN_DIRECT_OBJC_ISA_USAGE = YES_ERROR;
				CLANG_WARN_DOCUMENTATION_COMMENTS = YES;
				CLANG_WARN_EMPTY_BODY = YES;
				CLANG_WARN_ENUM_CONVERSION = YES;
				CLANG_WARN_INFINITE_RECURSION = YES;
				CLANG_WARN_INT_CONVERSION = YES;
				CLANG_WARN_NON_LITERAL_NULL_CONVERSION = YES;
				CLANG_WARN_OBJC_IMPLICIT_RETAIN_SELF = YES;
				CLANG_WARN_OBJC_LITERAL_CONVERSION = YES;
				CLANG_WARN_OBJC_ROOT_CLASS = YES_ERROR;
				CLANG_WARN_RANGE_LOOP_ANALYSIS = YES;
				CLANG_WARN_STRICT_PROTOTYPES = YES;
				CLANG_WARN_SUSPICIOUS_MOVE = YES;
				CLANG_WARN_UNGUARDED_AVAILABILITY = YES_AGGRESSIVE;
				CLANG_WARN_UNREACHABLE_CODE = YES;
				CLANG_WARN__DUPLICATE_METHOD_MATCH = YES;
				CODE_SIGN_IDENTITY = "iPhone Developer";
				COPY_PHASE_STRIP = NO;
				DEBUG_INFORMATION_FORMAT = "dwarf-with-dsym";
				ENABLE_NS_ASSERTIONS = NO;
				ENABLE_STRICT_OBJC_MSGSEND = YES;
				GCC_C_LANGUAGE_STANDARD = gnu11;
				GCC_NO_COMMON_BLOCKS = YES;
				GCC_WARN_64_TO_32_BIT_CONVERSION = YES;
				GCC_WARN_ABOUT_RETURN_TYPE = YES_ERROR;
				GCC_WARN_UNDECLARED_SELECTOR = YES;
				GCC_WARN_UNINITIALIZED_AUTOS = YES_AGGRESSIVE;
				GCC_WARN_UNUSED_FUNCTION = YES;
				GCC_WARN_UNUSED_VARIABLE = YES;
				IPHONEOS_DEPLOYMENT_TARGET = 11.4;
				MTL_ENABLE_DEBUG_INFO = NO;
				SDKROOT = iphoneos;
				SWIFT_COMPILATION_MODE = wholemodule;
				SWIFT_OPTIMIZATION_LEVEL = "-O";
				VALIDATE_PRODUCT = YES;
			};
			name = Release;
		};
		3D230BC420DDACE10004F054 /* Debug */ = {
			isa = XCBuildConfiguration;
			buildSettings = {
				ASSETCATALOG_COMPILER_APPICON_NAME = AppIcon;
				CODE_SIGN_STYLE = Automatic;
				INFOPLIST_FILE = 06_VistasProgramaticas/Info.plist;
				LD_RUNPATH_SEARCH_PATHS = (
					"$(inherited)",
					"@executable_path/Frameworks",
				);
				PRODUCT_BUNDLE_IDENTIFIER = "com.diplomado.-6-VistasProgramaticas";
				PRODUCT_NAME = "$(TARGET_NAME)";
				SWIFT_VERSION = 4.0;
				TARGETED_DEVICE_FAMILY = "1,2";
			};
			name = Debug;
		};
		3D230BC520DDACE10004F054 /* Release */ = {
			isa = XCBuildConfiguration;
			buildSettings = {
				ASSETCATALOG_COMPILER_APPICON_NAME = AppIcon;
				CODE_SIGN_STYLE = Automatic;
				INFOPLIST_FILE = 06_VistasProgramaticas/Info.plist;
				LD_RUNPATH_SEARCH_PATHS = (
					"$(inherited)",
					"@executable_path/Frameworks",
				);
				PRODUCT_BUNDLE_IDENTIFIER = "com.diplomado.-6-VistasProgramaticas";
				PRODUCT_NAME = "$(TARGET_NAME)";
				SWIFT_VERSION = 4.0;
				TARGETED_DEVICE_FAMILY = "1,2";
			};
			name = Release;
		};
/* End XCBuildConfiguration section */

/* Begin XCConfigurationList section */
		3D230BAC20DDACE00004F054 /* Build configuration list for PBXProject "06_VistasProgramaticas" */ = {
			isa = XCConfigurationList;
			buildConfigurations = (
				3D230BC120DDACE10004F054 /* Debug */,
				3D230BC220DDACE10004F054 /* Release */,
			);
			defaultConfigurationIsVisible = 0;
			defaultConfigurationName = Release;
		};
		3D230BC320DDACE10004F054 /* Build configuration list for PBXNativeTarget "06_VistasProgramaticas" */ = {
			isa = XCConfigurationList;
			buildConfigurations = (
				3D230BC420DDACE10004F054 /* Debug */,
				3D230BC520DDACE10004F054 /* Release */,
			);
			defaultConfigurationIsVisible = 0;
			defaultConfigurationName = Release;
		};
/* End XCConfigurationList section */
	};
	rootObject = 3D230BA920DDACE00004F054 /* Project object */;
}
